
Microsoft Visual Studio Solution File, Format Version 11.00
# Visual Studio 2010
Project("{FAE04EC0-301F-11D3-BF4B-00C04F79EFBC}") = "DetectSuddenSound", "Assembly-CSharp.csproj", "{F372A107-FB12-C1C3-FCA1-4956FB620BFE}"
EndProject
Global
	GlobalSection(SolutionConfigurationPlatforms) = preSolution
		Debug|Any CPU = Debug|Any CPU
		Release|Any CPU = Release|Any CPU
	EndGlobalSection
	GlobalSection(ProjectConfigurationPlatforms) = postSolution
		{F372A107-FB12-C1C3-FCA1-4956FB620BFE}.Debug|Any CPU.ActiveCfg = Debug|Any CPU
		{F372A107-FB12-C1C3-FCA1-4956FB620BFE}.Debug|Any CPU.Build.0 = Debug|Any CPU
		{F372A107-FB12-C1C3-FCA1-4956FB620BFE}.Release|Any CPU.ActiveCfg = Release|Any CPU
		{F372A107-FB12-C1C3-FCA1-4956FB620BFE}.Release|Any CPU.Build.0 = Release|Any CPU
	EndGlobalSection
	GlobalSection(SolutionProperties) = preSolution
		HideSolutionNode = FALSE
	EndGlobalSection
	GlobalSection(MonoDevelopProperties) = preSolution
		StartupItem = Assembly-CSharp.csproj
	EndGlobalSection
EndGlobal
